
Microsoft Visual Studio Solution File, Format Version 12.00
# Visual Studio 2013
VisualStudioVersion = 12.0.31101.0
MinimumVisualStudioVersion = 10.0.40219.1
Project("{FAE04EC0-301F-11D3-BF4B-00C04F79EFBC}") = "Problem01Persons", "DefiningClasses\Problem01Persons.csproj", "{4EE7FEF1-07FD-4FA2-A86E-9F99338BD496}"
EndProject
Project("{FAE04EC0-301F-11D3-BF4B-00C04F79EFBC}") = "Problem02LaptopShop", "Problem02LaptopShop\Problem02LaptopShop.csproj", "{DC267064-4471-403E-8123-4E0472EC3C29}"
EndProject
Project("{FAE04EC0-301F-11D3-BF4B-00C04F79EFBC}") = "Problem04SoftwareUniversityLearningSystem", "Problem04SoftwareUniversityLearningSystem\Problem04SoftwareUniversityLearningSystem.csproj", "{D78148B4-B0FF-4368-A0E7-B0B5CA1D7A90}"
EndProject
Project("{FAE04EC0-301F-11D3-BF4B-00C04F79EFBC}") = "Problem03PCCatalog", "Problem03PCCatalog\Problem03PCCatalog.csproj", "{BC047A8A-58C3-4BCA-8396-5CCDC27A48BA}"
EndProject
Global
	GlobalSection(SolutionConfigurationPlatforms) = preSolution
		Debug|Any CPU = Debug|Any CPU
		Release|Any CPU = Release|Any CPU
	EndGlobalSection
	GlobalSection(ProjectConfigurationPlatforms) = postSolution
		{4EE7FEF1-07FD-4FA2-A86E-9F99338BD496}.Debug|Any CPU.ActiveCfg = Debug|Any CPU
		{4EE7FEF1-07FD-4FA2-A86E-9F99338BD496}.Debug|Any CPU.Build.0 = Debug|Any CPU
		{4EE7FEF1-07FD-4FA2-A86E-9F99338BD496}.Release|Any CPU.ActiveCfg = Release|Any CPU
		{4EE7FEF1-07FD-4FA2-A86E-9F99338BD496}.Release|Any CPU.Build.0 = Release|Any CPU
		{DC267064-4471-403E-8123-4E0472EC3C29}.Debug|Any CPU.ActiveCfg = Debug|Any CPU
		{DC267064-4471-403E-8123-4E0472EC3C29}.Debug|Any CPU.Build.0 = Debug|Any CPU
		{DC267064-4471-403E-8123-4E0472EC3C29}.Release|Any CPU.ActiveCfg = Release|Any CPU
		{DC267064-4471-403E-8123-4E0472EC3C29}.Release|Any CPU.Build.0 = Release|Any CPU
		{D78148B4-B0FF-4368-A0E7-B0B5CA1D7A90}.Debug|Any CPU.ActiveCfg = Debug|Any CPU
		{D78148B4-B0FF-4368-A0E7-B0B5CA1D7A90}.Debug|Any CPU.Build.0 = Debug|Any CPU
		{D78148B4-B0FF-4368-A0E7-B0B5CA1D7A90}.Release|Any CPU.ActiveCfg = Release|Any CPU
		{D78148B4-B0FF-4368-A0E7-B0B5CA1D7A90}.Release|Any CPU.Build.0 = Release|Any CPU
		{BC047A8A-58C3-4BCA-8396-5CCDC27A48BA}.Debug|Any CPU.ActiveCfg = Debug|Any CPU
		{BC047A8A-58C3-4BCA-8396-5CCDC27A48BA}.Debug|Any CPU.Build.0 = Debug|Any CPU
		{BC047A8A-58C3-4BCA-8396-5CCDC27A48BA}.Release|Any CPU.ActiveCfg = Release|Any CPU
		{BC047A8A-58C3-4BCA-8396-5CCDC27A48BA}.Release|Any CPU.Build.0 = Release|Any CPU
	EndGlobalSection
	GlobalSection(SolutionProperties) = preSolution
		HideSolutionNode = FALSE
	EndGlobalSection
EndGlobal
